Microsoft Visual Studio Solution File, Format Version 12.00
# Visual Studio 15
VisualStudioVersion = 15.0.27130.2027
MinimumVisualStudioVersion = 10.0.40219.1
Project("{2150E333-8FDC-42A3-9474-1A3956D46DE8}") = "WebAPI", "WebAPI", "{9F0FD859-1134-4C77-99E5-83703A2DE5A2}"
EndProject
Project("{2150E333-8FDC-42A3-9474-1A3956D46DE8}") = "Mobile", "Mobile", "{A652EB72-D4A3-41DF-80F8-D3DD0DDE5665}"
EndProject
Project("{2150E333-8FDC-42A3-9474-1A3956D46DE8}") = "Test", "Test", "{F9802EBB-7857-4380-B1AD-F4CDE60F43F2}"
EndProject
Project("{2150E333-8FDC-42A3-9474-1A3956D46DE8}") = "Platforms", "Platforms", "{ED42B7AC-B4AD-4784-8FEF-2953A8A7CEDC}"
EndProject
Project("{9A19103F-16F7-4668-BE54-9A1E7A4F7556}") = "ContosoFieldService.Core", "Mobile\ContosoFieldService.Core\ContosoFieldService.Core.csproj", "{8D50D622-6D39-4894-B679-BB60C5D60648}"
EndProject
Project("{2150E333-8FDC-42A3-9474-1A3956D46DE8}") = "Functions", "Functions", "{A5E6EEE2-C985-4C48-A6FD-BD95BFAA25EA}"
EndProject
Project("{FAE04EC0-301F-11D3-BF4B-00C04F79EFBC}") = "ContosoFieldService.Droid", "Mobile\Droid\ContosoFieldService.Droid.csproj", "{7ABD1905-E31B-4857-B4EA-B47ED1C55D0C}"
EndProject
Project("{FAE04EC0-301F-11D3-BF4B-00C04F79EFBC}") = "ContosoFieldService.iOS", "Mobile\iOS\ContosoFieldService.iOS.csproj", "{E2745280-BDD1-4F5D-B976-199B9AA7602C}"
EndProject
Project("{9A19103F-16F7-4668-BE54-9A1E7A4F7556}") = "ContosoMaintenance.WebAPI", "Backend\Monolithic\ContosoMaintenance.WebAPI.csproj", "{4D37B422-71A1-41EC-A389-7FC1D3D76F40}"
EndProject
Project("{9A19103F-16F7-4668-BE54-9A1E7A4F7556}") = "ContosoMaintenance.Functions", "Backend\Functions\ContosoMaintenance.Functions.csproj", "{D6D37A12-8F14-4A5E-8C63-35F2B0AC57B3}"
EndProject
Project("{2150E333-8FDC-42A3-9474-1A3956D46DE8}") = "Backend", "Backend", "{8B8DB082-89C7-4554-AA41-18F3ACA8F3AD}"
EndProject
Project("{2150E333-8FDC-42A3-9474-1A3956D46DE8}") = "Bot", "Bot", "{5790C1F9-2943-448E-82CC-3D4DB963F189}"
EndProject
Project("{9A19103F-16F7-4668-BE54-9A1E7A4F7556}") = "ContosoMaintenance.Bot", "Backend\Bot\ContosoMaintenance.Bot.csproj", "{A1C7E4EF-BB7C-4DB5-9E2B-5FFC2C3E0884}"
EndProject
Project("{FAE04EC0-301F-11D3-BF4B-00C04F79EFBC}") = "ContosoFieldService.UITests", "Mobile\UITests\ContosoFieldService.UITests.csproj", "{B6E498F2-60A4-44BE-B4D9-D8D2F953066D}"
EndProject
Project("{9A19103F-16F7-4668-BE54-9A1E7A4F7556}") = "ContosoMaintenance.Web", "Website\ContosoMaintenance.Web.csproj", "{66B6BD6D-39A5-4E5B-BD73-F4783F55CC63}"
EndProject
Project("{2150E333-8FDC-42A3-9474-1A3956D46DE8}") = "Website", "Website", "{DA84A427-71AD-4B53-B4C4-E8A1E4051DF0}"
EndProject
Global
	GlobalSection(SolutionConfigurationPlatforms) = preSolution
		Debug|Any CPU = Debug|Any CPU
		Debug|iPhone = Debug|iPhone
		Debug|iPhoneSimulator = Debug|iPhoneSimulator
		DebugBackend|Any CPU = DebugBackend|Any CPU
		DebugBackend|iPhone = DebugBackend|iPhone
		DebugBackend|iPhoneSimulator = DebugBackend|iPhoneSimulator
		Release|Any CPU = Release|Any CPU
		Release|iPhone = Release|iPhone
		Release|iPhoneSimulator = Release|iPhoneSimulator
		ReleaseBackend|Any CPU = ReleaseBackend|Any CPU
		ReleaseBackend|iPhone = ReleaseBackend|iPhone
		ReleaseBackend|iPhoneSimulator = ReleaseBackend|iPhoneSimulator
		Test Cloud|Any CPU = Test Cloud|Any CPU
		Test Cloud|iPhone = Test Cloud|iPhone
		Test Cloud|iPhoneSimulator = Test Cloud|iPhoneSimulator
	EndGlobalSection
	GlobalSection(ProjectConfigurationPlatforms) = postSolution
		{8D50D622-6D39-4894-B679-BB60C5D60648}.Debug|Any CPU.ActiveCfg = Debug|Any CPU
		{8D50D622-6D39-4894-B679-BB60C5D60648}.Debug|Any CPU.Build.0 = Debug|Any CPU
		{8D50D622-6D39-4894-B679-BB60C5D60648}.Debug|iPhone.ActiveCfg = Debug|Any CPU
		{8D50D622-6D39-4894-B679-BB60C5D60648}.Debug|iPhone.Build.0 = Debug|Any CPU
		{8D50D622-6D39-4894-B679-BB60C5D60648}.Debug|iPhoneSimulator.ActiveCfg = Debug|Any CPU
		{8D50D622-6D39-4894-B679-BB60C5D60648}.Debug|iPhoneSimulator.Build.0 = Debug|Any CPU
		{8D50D622-6D39-4894-B679-BB60C5D60648}.DebugBackend|Any CPU.ActiveCfg = Debug|Any CPU
		{8D50D622-6D39-4894-B679-BB60C5D60648}.DebugBackend|Any CPU.Build.0 = Debug|Any CPU
		{8D50D622-6D39-4894-B679-BB60C5D60648}.DebugBackend|iPhone.ActiveCfg = Debug|Any CPU
		{8D50D622-6D39-4894-B679-BB60C5D60648}.DebugBackend|iPhone.Build.0 = Debug|Any CPU
		{8D50D622-6D39-4894-B679-BB60C5D60648}.DebugBackend|iPhoneSimulator.ActiveCfg = Debug|Any CPU
		{8D50D622-6D39-4894-B679-BB60C5D60648}.DebugBackend|iPhoneSimulator.Build.0 = Debug|Any CPU
		{8D50D622-6D39-4894-B679-BB60C5D60648}.Release|Any CPU.ActiveCfg = Release|Any CPU
		{8D50D622-6D39-4894-B679-BB60C5D60648}.Release|Any CPU.Build.0 = Release|Any CPU
		{8D50D622-6D39-4894-B679-BB60C5D60648}.Release|iPhone.ActiveCfg = Release|Any CPU
		{8D50D622-6D39-4894-B679-BB60C5D60648}.Release|iPhone.Build.0 = Release|Any CPU
		{8D50D622-6D39-4894-B679-BB60C5D60648}.Release|iPhoneSimulator.ActiveCfg = Release|Any CPU
		{8D50D622-6D39-4894-B679-BB60C5D60648}.Release|iPhoneSimulator.Build.0 = Release|Any CPU
		{8D50D622-6D39-4894-B679-BB60C5D60648}.ReleaseBackend|Any CPU.ActiveCfg = Release|Any CPU
		{8D50D622-6D39-4894-B679-BB60C5D60648}.ReleaseBackend|Any CPU.Build.0 = Release|Any CPU
		{8D50D622-6D39-4894-B679-BB60C5D60648}.ReleaseBackend|iPhone.ActiveCfg = Release|Any CPU
		{8D50D622-6D39-4894-B679-BB60C5D60648}.ReleaseBackend|iPhone.Build.0 = Release|Any CPU
		{8D50D622-6D39-4894-B679-BB60C5D60648}.ReleaseBackend|iPhoneSimulator.ActiveCfg = Release|Any CPU
		{8D50D622-6D39-4894-B679-BB60C5D60648}.ReleaseBackend|iPhoneSimulator.Build.0 = Release|Any CPU
		{8D50D622-6D39-4894-B679-BB60C5D60648}.Test Cloud|Any CPU.ActiveCfg = Release|Any CPU
		{8D50D622-6D39-4894-B679-BB60C5D60648}.Test Cloud|Any CPU.Build.0 = Release|Any CPU
		{8D50D622-6D39-4894-B679-BB60C5D60648}.Test Cloud|iPhone.ActiveCfg = Release|Any CPU
		{8D50D622-6D39-4894-B679-BB60C5D60648}.Test Cloud|iPhone.Build.0 = Release|Any CPU
		{8D50D622-6D39-4894-B679-BB60C5D60648}.Test Cloud|iPhoneSimulator.ActiveCfg = Release|Any CPU
		{8D50D622-6D39-4894-B679-BB60C5D60648}.Test Cloud|iPhoneSimulator.Build.0 = Release|Any CPU
		{7ABD1905-E31B-4857-B4EA-B47ED1C55D0C}.Debug|Any CPU.ActiveCfg = Debug|Any CPU
		{7ABD1905-E31B-4857-B4EA-B47ED1C55D0C}.Debug|Any CPU.Build.0 = Debug|Any CPU
		{7ABD1905-E31B-4857-B4EA-B47ED1C55D0C}.Debug|iPhone.ActiveCfg = Debug|Any CPU
		{7ABD1905-E31B-4857-B4EA-B47ED1C55D0C}.Debug|iPhone.Build.0 = Debug|Any CPU
		{7ABD1905-E31B-4857-B4EA-B47ED1C55D0C}.Debug|iPhoneSimulator.ActiveCfg = Debug|Any CPU
		{7ABD1905-E31B-4857-B4EA-B47ED1C55D0C}.Debug|iPhoneSimulator.Build.0 = Debug|Any CPU
		{7ABD1905-E31B-4857-B4EA-B47ED1C55D0C}.DebugBackend|Any CPU.ActiveCfg = Debug|Any CPU
		{7ABD1905-E31B-4857-B4EA-B47ED1C55D0C}.DebugBackend|Any CPU.Build.0 = Debug|Any CPU
		{7ABD1905-E31B-4857-B4EA-B47ED1C55D0C}.DebugBackend|Any CPU.Deploy.0 = Debug|Any CPU
		{7ABD1905-E31B-4857-B4EA-B47ED1C55D0C}.DebugBackend|iPhone.ActiveCfg = Debug|Any CPU
		{7ABD1905-E31B-4857-B4EA-B47ED1C55D0C}.DebugBackend|iPhone.Build.0 = Debug|Any CPU
		{7ABD1905-E31B-4857-B4EA-B47ED1C55D0C}.DebugBackend|iPhone.Deploy.0 = Debug|Any CPU
		{7ABD1905-E31B-4857-B4EA-B47ED1C55D0C}.DebugBackend|iPhoneSimulator.ActiveCfg = Debug|Any CPU
		{7ABD1905-E31B-4857-B4EA-B47ED1C55D0C}.DebugBackend|iPhoneSimulator.Build.0 = Debug|Any CPU
		{7ABD1905-E31B-4857-B4EA-B47ED1C55D0C}.DebugBackend|iPhoneSimulator.Deploy.0 = Debug|Any CPU
		{7ABD1905-E31B-4857-B4EA-B47ED1C55D0C}.Release|Any CPU.ActiveCfg = Release|Any CPU
		{7ABD1905-E31B-4857-B4EA-B47ED1C55D0C}.Release|Any CPU.Build.0 = Release|Any CPU
		{7ABD1905-E31B-4857-B4EA-B47ED1C55D0C}.Release|iPhone.ActiveCfg = Release|Any CPU
		{7ABD1905-E31B-4857-B4EA-B47ED1C55D0C}.Release|iPhone.Build.0 = Release|Any CPU
		{7ABD1905-E31B-4857-B4EA-B47ED1C55D0C}.Release|iPhoneSimulator.ActiveCfg = Release|Any CPU
		{7ABD1905-E31B-4857-B4EA-B47ED1C55D0C}.Release|iPhoneSimulator.Build.0 = Release|Any CPU
		{7ABD1905-E31B-4857-B4EA-B47ED1C55D0C}.ReleaseBackend|Any CPU.ActiveCfg = Release|Any CPU
		{7ABD1905-E31B-4857-B4EA-B47ED1C55D0C}.ReleaseBackend|Any CPU.Build.0 = Release|Any CPU
		{7ABD1905-E31B-4857-B4EA-B47ED1C55D0C}.ReleaseBackend|Any CPU.Deploy.0 = Release|Any CPU
		{7ABD1905-E31B-4857-B4EA-B47ED1C55D0C}.ReleaseBackend|iPhone.ActiveCfg = Release|Any CPU
		{7ABD1905-E31B-4857-B4EA-B47ED1C55D0C}.ReleaseBackend|iPhone.Build.0 = Release|Any CPU
		{7ABD1905-E31B-4857-B4EA-B47ED1C55D0C}.ReleaseBackend|iPhone.Deploy.0 = Release|Any CPU
		{7ABD1905-E31B-4857-B4EA-B47ED1C55D0C}.ReleaseBackend|iPhoneSimulator.ActiveCfg = Release|Any CPU
		{7ABD1905-E31B-4857-B4EA-B47ED1C55D0C}.ReleaseBackend|iPhoneSimulator.Build.0 = Release|Any CPU
		{7ABD1905-E31B-4857-B4EA-B47ED1C55D0C}.ReleaseBackend|iPhoneSimulator.Deploy.0 = Release|Any CPU
		{7ABD1905-E31B-4857-B4EA-B47ED1C55D0C}.Test Cloud|Any CPU.ActiveCfg = Test Cloud|Any CPU
		{7ABD1905-E31B-4857-B4EA-B47ED1C55D0C}.Test Cloud|Any CPU.Build.0 = Test Cloud|Any CPU
		{7ABD1905-E31B-4857-B4EA-B47ED1C55D0C}.Test Cloud|iPhone.ActiveCfg = Test Cloud|Any CPU
		{7ABD1905-E31B-4857-B4EA-B47ED1C55D0C}.Test Cloud|iPhone.Build.0 = Test Cloud|Any CPU
		{7ABD1905-E31B-4857-B4EA-B47ED1C55D0C}.Test Cloud|iPhone.Deploy.0 = Test Cloud|Any CPU
		{7ABD1905-E31B-4857-B4EA-B47ED1C55D0C}.Test Cloud|iPhoneSimulator.ActiveCfg = Test Cloud|Any CPU
		{7ABD1905-E31B-4857-B4EA-B47ED1C55D0C}.Test Cloud|iPhoneSimulator.Build.0 = Test Cloud|Any CPU
		{7ABD1905-E31B-4857-B4EA-B47ED1C55D0C}.Test Cloud|iPhoneSimulator.Deploy.0 = Test Cloud|Any CPU
		{E2745280-BDD1-4F5D-B976-199B9AA7602C}.Debug|Any CPU.ActiveCfg = Debug|iPhoneSimulator
		{E2745280-BDD1-4F5D-B976-199B9AA7602C}.Debug|Any CPU.Build.0 = Debug|iPhoneSimulator
		{E2745280-BDD1-4F5D-B976-199B9AA7602C}.Debug|iPhone.ActiveCfg = Debug|iPhone
		{E2745280-BDD1-4F5D-B976-199B9AA7602C}.Debug|iPhone.Build.0 = Debug|iPhone
		{E2745280-BDD1-4F5D-B976-199B9AA7602C}.Debug|iPhoneSimulator.ActiveCfg = Debug|iPhoneSimulator
		{E2745280-BDD1-4F5D-B976-199B9AA7602C}.Debug|iPhoneSimulator.Build.0 = Debug|iPhoneSimulator
		{E2745280-BDD1-4F5D-B976-199B9AA7602C}.DebugBackend|Any CPU.ActiveCfg = Test Cloud|iPhoneSimulator
		{E2745280-BDD1-4F5D-B976-199B9AA7602C}.DebugBackend|Any CPU.Build.0 = Test Cloud|iPhoneSimulator
		{E2745280-BDD1-4F5D-B976-199B9AA7602C}.DebugBackend|iPhone.ActiveCfg = Debug|iPhone
		{E2745280-BDD1-4F5D-B976-199B9AA7602C}.DebugBackend|iPhone.Build.0 = Debug|iPhone
		{E2745280-BDD1-4F5D-B976-199B9AA7602C}.DebugBackend|iPhoneSimulator.ActiveCfg = Debug|iPhoneSimulator
		{E2745280-BDD1-4F5D-B976-199B9AA7602C}.DebugBackend|iPhoneSimulator.Build.0 = Debug|iPhoneSimulator
		{E2745280-BDD1-4F5D-B976-199B9AA7602C}.Release|Any CPU.ActiveCfg = Release|iPhoneSimulator
		{E2745280-BDD1-4F5D-B976-199B9AA7602C}.Release|Any CPU.Build.0 = Release|iPhoneSimulator
		{E2745280-BDD1-4F5D-B976-199B9AA7602C}.Release|iPhone.ActiveCfg = Release|iPhone
		{E2745280-BDD1-4F5D-B976-199B9AA7602C}.Release|iPhone.Build.0 = Release|iPhone
		{E2745280-BDD1-4F5D-B976-199B9AA7602C}.Release|iPhoneSimulator.ActiveCfg = Release|iPhoneSimulator
		{E2745280-BDD1-4F5D-B976-199B9AA7602C}.Release|iPhoneSimulator.Build.0 = Release|iPhoneSimulator
		{E2745280-BDD1-4F5D-B976-199B9AA7602C}.ReleaseBackend|Any CPU.ActiveCfg = Test Cloud|iPhoneSimulator
		{E2745280-BDD1-4F5D-B976-199B9AA7602C}.ReleaseBackend|Any CPU.Build.0 = Test Cloud|iPhoneSimulator
		{E2745280-BDD1-4F5D-B976-199B9AA7602C}.ReleaseBackend|iPhone.ActiveCfg = Release|iPhone
		{E2745280-BDD1-4F5D-B976-199B9AA7602C}.ReleaseBackend|iPhone.Build.0 = Release|iPhone
		{E2745280-BDD1-4F5D-B976-199B9AA7602C}.ReleaseBackend|iPhoneSimulator.ActiveCfg = Release|iPhoneSimulator
		{E2745280-BDD1-4F5D-B976-199B9AA7602C}.ReleaseBackend|iPhoneSimulator.Build.0 = Release|iPhoneSimulator
		{E2745280-BDD1-4F5D-B976-199B9AA7602C}.Test Cloud|Any CPU.ActiveCfg = Test Cloud|iPhone
		{E2745280-BDD1-4F5D-B976-199B9AA7602C}.Test Cloud|Any CPU.Build.0 = Test Cloud|iPhone
		{E2745280-BDD1-4F5D-B976-199B9AA7602C}.Test Cloud|iPhone.ActiveCfg = Test Cloud|iPhone
		{E2745280-BDD1-4F5D-B976-199B9AA7602C}.Test Cloud|iPhone.Build.0 = Test Cloud|iPhone
		{E2745280-BDD1-4F5D-B976-199B9AA7602C}.Test Cloud|iPhoneSimulator.ActiveCfg = Test Cloud|iPhoneSimulator
		{E2745280-BDD1-4F5D-B976-199B9AA7602C}.Test Cloud|iPhoneSimulator.Build.0 = Test Cloud|iPhoneSimulator
		{4D37B422-71A1-41EC-A389-7FC1D3D76F40}.Debug|Any CPU.ActiveCfg = Debug|Any CPU
		{4D37B422-71A1-41EC-A389-7FC1D3D76F40}.Debug|Any CPU.Build.0 = Debug|Any CPU
		{4D37B422-71A1-41EC-A389-7FC1D3D76F40}.Debug|iPhone.ActiveCfg = Debug|Any CPU
		{4D37B422-71A1-41EC-A389-7FC1D3D76F40}.Debug|iPhone.Build.0 = Debug|Any CPU
		{4D37B422-71A1-41EC-A389-7FC1D3D76F40}.Debug|iPhoneSimulator.ActiveCfg = Debug|Any CPU
		{4D37B422-71A1-41EC-A389-7FC1D3D76F40}.Debug|iPhoneSimulator.Build.0 = Debug|Any CPU
		{4D37B422-71A1-41EC-A389-7FC1D3D76F40}.DebugBackend|Any CPU.ActiveCfg = Debug|Any CPU
		{4D37B422-71A1-41EC-A389-7FC1D3D76F40}.DebugBackend|Any CPU.Build.0 = Debug|Any CPU
		{4D37B422-71A1-41EC-A389-7FC1D3D76F40}.DebugBackend|iPhone.ActiveCfg = Debug|Any CPU
		{4D37B422-71A1-41EC-A389-7FC1D3D76F40}.DebugBackend|iPhone.Build.0 = Debug|Any CPU
		{4D37B422-71A1-41EC-A389-7FC1D3D76F40}.DebugBackend|iPhoneSimulator.ActiveCfg = Debug|Any CPU
		{4D37B422-71A1-41EC-A389-7FC1D3D76F40}.DebugBackend|iPhoneSimulator.Build.0 = Debug|Any CPU
		{4D37B422-71A1-41EC-A389-7FC1D3D76F40}.Release|Any CPU.ActiveCfg = Release|Any CPU
		{4D37B422-71A1-41EC-A389-7FC1D3D76F40}.Release|Any CPU.Build.0 = Release|Any CPU
		{4D37B422-71A1-41EC-A389-7FC1D3D76F40}.Release|iPhone.ActiveCfg = Release|Any CPU
		{4D37B422-71A1-41EC-A389-7FC1D3D76F40}.Release|iPhone.Build.0 = Release|Any CPU
		{4D37B422-71A1-41EC-A389-7FC1D3D76F40}.Release|iPhoneSimulator.ActiveCfg = Release|Any CPU
		{4D37B422-71A1-41EC-A389-7FC1D3D76F40}.Release|iPhoneSimulator.Build.0 = Release|Any CPU
		{4D37B422-71A1-41EC-A389-7FC1D3D76F40}.ReleaseBackend|Any CPU.ActiveCfg = Release|Any CPU
		{4D37B422-71A1-41EC-A389-7FC1D3D76F40}.ReleaseBackend|Any CPU.Build.0 = Release|Any CPU
		{4D37B422-71A1-41EC-A389-7FC1D3D76F40}.ReleaseBackend|iPhone.ActiveCfg = Release|Any CPU
		{4D37B422-71A1-41EC-A389-7FC1D3D76F40}.ReleaseBackend|iPhone.Build.0 = Release|Any CPU
		{4D37B422-71A1-41EC-A389-7FC1D3D76F40}.ReleaseBackend|iPhoneSimulator.ActiveCfg = Release|Any CPU
		{4D37B422-71A1-41EC-A389-7FC1D3D76F40}.ReleaseBackend|iPhoneSimulator.Build.0 = Release|Any CPU
		{4D37B422-71A1-41EC-A389-7FC1D3D76F40}.Test Cloud|Any CPU.ActiveCfg = Release|Any CPU
		{4D37B422-71A1-41EC-A389-7FC1D3D76F40}.Test Cloud|Any CPU.Build.0 = Release|Any CPU
		{4D37B422-71A1-41EC-A389-7FC1D3D76F40}.Test Cloud|iPhone.ActiveCfg = Release|Any CPU
		{4D37B422-71A1-41EC-A389-7FC1D3D76F40}.Test Cloud|iPhone.Build.0 = Release|Any CPU
		{4D37B422-71A1-41EC-A389-7FC1D3D76F40}.Test Cloud|iPhoneSimulator.ActiveCfg = Release|Any CPU
		{4D37B422-71A1-41EC-A389-7FC1D3D76F40}.Test Cloud|iPhoneSimulator.Build.0 = Release|Any CPU
		{D6D37A12-8F14-4A5E-8C63-35F2B0AC57B3}.Debug|Any CPU.ActiveCfg = Debug|Any CPU
		{D6D37A12-8F14-4A5E-8C63-35F2B0AC57B3}.Debug|Any CPU.Build.0 = Debug|Any CPU
		{D6D37A12-8F14-4A5E-8C63-35F2B0AC57B3}.Debug|iPhone.ActiveCfg = Debug|Any CPU
		{D6D37A12-8F14-4A5E-8C63-35F2B0AC57B3}.Debug|iPhone.Build.0 = Debug|Any CPU
		{D6D37A12-8F14-4A5E-8C63-35F2B0AC57B3}.Debug|iPhoneSimulator.ActiveCfg = Debug|Any CPU
		{D6D37A12-8F14-4A5E-8C63-35F2B0AC57B3}.Debug|iPhoneSimulator.Build.0 = Debug|Any CPU
		{D6D37A12-8F14-4A5E-8C63-35F2B0AC57B3}.DebugBackend|Any CPU.ActiveCfg = Debug|Any CPU
		{D6D37A12-8F14-4A5E-8C63-35F2B0AC57B3}.DebugBackend|Any CPU.Build.0 = Debug|Any CPU
		{D6D37A12-8F14-4A5E-8C63-35F2B0AC57B3}.DebugBackend|iPhone.ActiveCfg = Debug|Any CPU
		{D6D37A12-8F14-4A5E-8C63-35F2B0AC57B3}.DebugBackend|iPhone.Build.0 = Debug|Any CPU
		{D6D37A12-8F14-4A5E-8C63-35F2B0AC57B3}.DebugBackend|iPhoneSimulator.ActiveCfg = Debug|Any CPU
		{D6D37A12-8F14-4A5E-8C63-35F2B0AC57B3}.DebugBackend|iPhoneSimulator.Build.0 = Debug|Any CPU
		{D6D37A12-8F14-4A5E-8C63-35F2B0AC57B3}.Release|Any CPU.ActiveCfg = Release|Any CPU
		{D6D37A12-8F14-4A5E-8C63-35F2B0AC57B3}.Release|Any CPU.Build.0 = Release|Any CPU
		{D6D37A12-8F14-4A5E-8C63-35F2B0AC57B3}.Release|iPhone.ActiveCfg = Release|Any CPU
		{D6D37A12-8F14-4A5E-8C63-35F2B0AC57B3}.Release|iPhone.Build.0 = Release|Any CPU
		{D6D37A12-8F14-4A5E-8C63-35F2B0AC57B3}.Release|iPhoneSimulator.ActiveCfg = Release|Any CPU
		{D6D37A12-8F14-4A5E-8C63-35F2B0AC57B3}.Release|iPhoneSimulator.Build.0 = Release|Any CPU
		{D6D37A12-8F14-4A5E-8C63-35F2B0AC57B3}.ReleaseBackend|Any CPU.ActiveCfg = Release|Any CPU
		{D6D37A12-8F14-4A5E-8C63-35F2B0AC57B3}.ReleaseBackend|Any CPU.Build.0 = Release|Any CPU
		{D6D37A12-8F14-4A5E-8C63-35F2B0AC57B3}.ReleaseBackend|iPhone.ActiveCfg = Release|Any CPU
		{D6D37A12-8F14-4A5E-8C63-35F2B0AC57B3}.ReleaseBackend|iPhone.Build.0 = Release|Any CPU
		{D6D37A12-8F14-4A5E-8C63-35F2B0AC57B3}.ReleaseBackend|iPhoneSimulator.ActiveCfg = Release|Any CPU
		{D6D37A12-8F14-4A5E-8C63-35F2B0AC57B3}.ReleaseBackend|iPhoneSimulator.Build.0 = Release|Any CPU
		{D6D37A12-8F14-4A5E-8C63-35F2B0AC57B3}.Test Cloud|Any CPU.ActiveCfg = Release|Any CPU
		{D6D37A12-8F14-4A5E-8C63-35F2B0AC57B3}.Test Cloud|Any CPU.Build.0 = Release|Any CPU
		{D6D37A12-8F14-4A5E-8C63-35F2B0AC57B3}.Test Cloud|iPhone.ActiveCfg = Release|Any CPU
		{D6D37A12-8F14-4A5E-8C63-35F2B0AC57B3}.Test Cloud|iPhone.Build.0 = Release|Any CPU
		{D6D37A12-8F14-4A5E-8C63-35F2B0AC57B3}.Test Cloud|iPhoneSimulator.ActiveCfg = Release|Any CPU
		{D6D37A12-8F14-4A5E-8C63-35F2B0AC57B3}.Test Cloud|iPhoneSimulator.Build.0 = Release|Any CPU
		{A1C7E4EF-BB7C-4DB5-9E2B-5FFC2C3E0884}.Debug|Any CPU.ActiveCfg = Debug|Any CPU
		{A1C7E4EF-BB7C-4DB5-9E2B-5FFC2C3E0884}.Debug|Any CPU.Build.0 = Debug|Any CPU
		{A1C7E4EF-BB7C-4DB5-9E2B-5FFC2C3E0884}.Debug|iPhone.ActiveCfg = Debug|Any CPU
		{A1C7E4EF-BB7C-4DB5-9E2B-5FFC2C3E0884}.Debug|iPhone.Build.0 = Debug|Any CPU
		{A1C7E4EF-BB7C-4DB5-9E2B-5FFC2C3E0884}.Debug|iPhoneSimulator.ActiveCfg = Debug|Any CPU
		{A1C7E4EF-BB7C-4DB5-9E2B-5FFC2C3E0884}.Debug|iPhoneSimulator.Build.0 = Debug|Any CPU
		{A1C7E4EF-BB7C-4DB5-9E2B-5FFC2C3E0884}.DebugBackend|Any CPU.ActiveCfg = Debug|Any CPU
		{A1C7E4EF-BB7C-4DB5-9E2B-5FFC2C3E0884}.DebugBackend|Any CPU.Build.0 = Debug|Any CPU
		{A1C7E4EF-BB7C-4DB5-9E2B-5FFC2C3E0884}.DebugBackend|iPhone.ActiveCfg = Debug|Any CPU
		{A1C7E4EF-BB7C-4DB5-9E2B-5FFC2C3E0884}.DebugBackend|iPhone.Build.0 = Debug|Any CPU
		{A1C7E4EF-BB7C-4DB5-9E2B-5FFC2C3E0884}.DebugBackend|iPhoneSimulator.ActiveCfg = Debug|Any CPU
		{A1C7E4EF-BB7C-4DB5-9E2B-5FFC2C3E0884}.DebugBackend|iPhoneSimulator.Build.0 = Debug|Any CPU
		{A1C7E4EF-BB7C-4DB5-9E2B-5FFC2C3E0884}.Release|Any CPU.ActiveCfg = Release|Any CPU
		{A1C7E4EF-BB7C-4DB5-9E2B-5FFC2C3E0884}.Release|Any CPU.Build.0 = Release|Any CPU
		{A1C7E4EF-BB7C-4DB5-9E2B-5FFC2C3E0884}.Release|iPhone.ActiveCfg = Release|Any CPU
		{A1C7E4EF-BB7C-4DB5-9E2B-5FFC2C3E0884}.Release|iPhone.Build.0 = Release|Any CPU
		{A1C7E4EF-BB7C-4DB5-9E2B-5FFC2C3E0884}.Release|iPhoneSimulator.ActiveCfg = Release|Any CPU
		{A1C7E4EF-BB7C-4DB5-9E2B-5FFC2C3E0884}.Release|iPhoneSimulator.Build.0 = Release|Any CPU
		{A1C7E4EF-BB7C-4DB5-9E2B-5FFC2C3E0884}.ReleaseBackend|Any CPU.ActiveCfg = Release|Any CPU
		{A1C7E4EF-BB7C-4DB5-9E2B-5FFC2C3E0884}.ReleaseBackend|Any CPU.Build.0 = Release|Any CPU
		{A1C7E4EF-BB7C-4DB5-9E2B-5FFC2C3E0884}.ReleaseBackend|iPhone.ActiveCfg = Release|Any CPU
		{A1C7E4EF-BB7C-4DB5-9E2B-5FFC2C3E0884}.ReleaseBackend|iPhone.Build.0 = Release|Any CPU
		{A1C7E4EF-BB7C-4DB5-9E2B-5FFC2C3E0884}.ReleaseBackend|iPhoneSimulator.ActiveCfg = Release|Any CPU
		{A1C7E4EF-BB7C-4DB5-9E2B-5FFC2C3E0884}.ReleaseBackend|iPhoneSimulator.Build.0 = Release|Any CPU
		{A1C7E4EF-BB7C-4DB5-9E2B-5FFC2C3E0884}.Test Cloud|Any CPU.ActiveCfg = Release|Any CPU
		{A1C7E4EF-BB7C-4DB5-9E2B-5FFC2C3E0884}.Test Cloud|Any CPU.Build.0 = Release|Any CPU
		{A1C7E4EF-BB7C-4DB5-9E2B-5FFC2C3E0884}.Test Cloud|iPhone.ActiveCfg = Release|Any CPU
		{A1C7E4EF-BB7C-4DB5-9E2B-5FFC2C3E0884}.Test Cloud|iPhone.Build.0 = Release|Any CPU
		{A1C7E4EF-BB7C-4DB5-9E2B-5FFC2C3E0884}.Test Cloud|iPhoneSimulator.ActiveCfg = Release|Any CPU
		{A1C7E4EF-BB7C-4DB5-9E2B-5FFC2C3E0884}.Test Cloud|iPhoneSimulator.Build.0 = Release|Any CPU
		{B6E498F2-60A4-44BE-B4D9-D8D2F953066D}.Debug|Any CPU.ActiveCfg = Debug|Any CPU
		{B6E498F2-60A4-44BE-B4D9-D8D2F953066D}.Debug|Any CPU.Build.0 = Debug|Any CPU
		{B6E498F2-60A4-44BE-B4D9-D8D2F953066D}.Debug|iPhone.ActiveCfg = Debug|Any CPU
		{B6E498F2-60A4-44BE-B4D9-D8D2F953066D}.Debug|iPhone.Build.0 = Debug|Any CPU
		{B6E498F2-60A4-44BE-B4D9-D8D2F953066D}.Debug|iPhoneSimulator.ActiveCfg = Debug|Any CPU
		{B6E498F2-60A4-44BE-B4D9-D8D2F953066D}.Debug|iPhoneSimulator.Build.0 = Debug|Any CPU
		{B6E498F2-60A4-44BE-B4D9-D8D2F953066D}.DebugBackend|Any CPU.ActiveCfg = Debug|Any CPU
		{B6E498F2-60A4-44BE-B4D9-D8D2F953066D}.DebugBackend|Any CPU.Build.0 = Debug|Any CPU
		{B6E498F2-60A4-44BE-B4D9-D8D2F953066D}.DebugBackend|iPhone.ActiveCfg = Debug|Any CPU
		{B6E498F2-60A4-44BE-B4D9-D8D2F953066D}.DebugBackend|iPhone.Build.0 = Debug|Any CPU
		{B6E498F2-60A4-44BE-B4D9-D8D2F953066D}.DebugBackend|iPhoneSimulator.ActiveCfg = Debug|Any CPU
		{B6E498F2-60A4-44BE-B4D9-D8D2F953066D}.DebugBackend|iPhoneSimulator.Build.0 = Debug|Any CPU
		{B6E498F2-60A4-44BE-B4D9-D8D2F953066D}.Release|Any CPU.ActiveCfg = Release|Any CPU
		{B6E498F2-60A4-44BE-B4D9-D8D2F953066D}.Release|Any CPU.Build.0 = Release|Any CPU
		{B6E498F2-60A4-44BE-B4D9-D8D2F953066D}.Release|iPhone.ActiveCfg = Release|Any CPU
		{B6E498F2-60A4-44BE-B4D9-D8D2F953066D}.Release|iPhone.Build.0 = Release|Any CPU
		{B6E498F2-60A4-44BE-B4D9-D8D2F953066D}.Release|iPhoneSimulator.ActiveCfg = Release|Any CPU
		{B6E498F2-60A4-44BE-B4D9-D8D2F953066D}.Release|iPhoneSimulator.Build.0 = Release|Any CPU
		{B6E498F2-60A4-44BE-B4D9-D8D2F953066D}.ReleaseBackend|Any CPU.ActiveCfg = Release|Any CPU
		{B6E498F2-60A4-44BE-B4D9-D8D2F953066D}.ReleaseBackend|Any CPU.Build.0 = Release|Any CPU
		{B6E498F2-60A4-44BE-B4D9-D8D2F953066D}.ReleaseBackend|iPhone.ActiveCfg = Release|Any CPU
		{B6E498F2-60A4-44BE-B4D9-D8D2F953066D}.ReleaseBackend|iPhone.Build.0 = Release|Any CPU
		{B6E498F2-60A4-44BE-B4D9-D8D2F953066D}.ReleaseBackend|iPhoneSimulator.ActiveCfg = Release|Any CPU
		{B6E498F2-60A4-44BE-B4D9-D8D2F953066D}.ReleaseBackend|iPhoneSimulator.Build.0 = Release|Any CPU
		{B6E498F2-60A4-44BE-B4D9-D8D2F953066D}.Test Cloud|Any CPU.ActiveCfg = Release|Any CPU
		{B6E498F2-60A4-44BE-B4D9-D8D2F953066D}.Test Cloud|Any CPU.Build.0 = Release|Any CPU
		{B6E498F2-60A4-44BE-B4D9-D8D2F953066D}.Test Cloud|iPhone.ActiveCfg = Release|Any CPU
		{B6E498F2-60A4-44BE-B4D9-D8D2F953066D}.Test Cloud|iPhone.Build.0 = Release|Any CPU
		{B6E498F2-60A4-44BE-B4D9-D8D2F953066D}.Test Cloud|iPhoneSimulator.ActiveCfg = Release|Any CPU
		{B6E498F2-60A4-44BE-B4D9-D8D2F953066D}.Test Cloud|iPhoneSimulator.Build.0 = Release|Any CPU
		{66B6BD6D-39A5-4E5B-BD73-F4783F55CC63}.Debug|Any CPU.ActiveCfg = Debug|Any CPU
		{66B6BD6D-39A5-4E5B-BD73-F4783F55CC63}.Debug|Any CPU.Build.0 = Debug|Any CPU
		{66B6BD6D-39A5-4E5B-BD73-F4783F55CC63}.Debug|iPhone.ActiveCfg = Debug|Any CPU
		{66B6BD6D-39A5-4E5B-BD73-F4783F55CC63}.Debug|iPhone.Build.0 = Debug|Any CPU
		{66B6BD6D-39A5-4E5B-BD73-F4783F55CC63}.Debug|iPhoneSimulator.ActiveCfg = Debug|Any CPU
		{66B6BD6D-39A5-4E5B-BD73-F4783F55CC63}.Debug|iPhoneSimulator.Build.0 = Debug|Any CPU
		{66B6BD6D-39A5-4E5B-BD73-F4783F55CC63}.DebugBackend|Any CPU.ActiveCfg = Debug|Any CPU
		{66B6BD6D-39A5-4E5B-BD73-F4783F55CC63}.DebugBackend|Any CPU.Build.0 = Debug|Any CPU
		{66B6BD6D-39A5-4E5B-BD73-F4783F55CC63}.DebugBackend|iPhone.ActiveCfg = Debug|Any CPU
		{66B6BD6D-39A5-4E5B-BD73-F4783F55CC63}.DebugBackend|iPhone.Build.0 = Debug|Any CPU
		{66B6BD6D-39A5-4E5B-BD73-F4783F55CC63}.DebugBackend|iPhoneSimulator.ActiveCfg = Debug|Any CPU
		{66B6BD6D-39A5-4E5B-BD73-F4783F55CC63}.DebugBackend|iPhoneSimulator.Build.0 = Debug|Any CPU
		{66B6BD6D-39A5-4E5B-BD73-F4783F55CC63}.Release|Any CPU.ActiveCfg = Release|Any CPU
		{66B6BD6D-39A5-4E5B-BD73-F4783F55CC63}.Release|Any CPU.Build.0 = Release|Any CPU
		{66B6BD6D-39A5-4E5B-BD73-F4783F55CC63}.Release|iPhone.ActiveCfg = Release|Any CPU
		{66B6BD6D-39A5-4E5B-BD73-F4783F55CC63}.Release|iPhone.Build.0 = Release|Any CPU
		{66B6BD6D-39A5-4E5B-BD73-F4783F55CC63}.Release|iPhoneSimulator.ActiveCfg = Release|Any CPU
		{66B6BD6D-39A5-4E5B-BD73-F4783F55CC63}.Release|iPhoneSimulator.Build.0 = Release|Any CPU
		{66B6BD6D-39A5-4E5B-BD73-F4783F55CC63}.ReleaseBackend|Any CPU.ActiveCfg = Release|Any CPU
		{66B6BD6D-39A5-4E5B-BD73-F4783F55CC63}.ReleaseBackend|Any CPU.Build.0 = Release|Any CPU
		{66B6BD6D-39A5-4E5B-BD73-F4783F55CC63}.ReleaseBackend|iPhone.ActiveCfg = Release|Any CPU
		{66B6BD6D-39A5-4E5B-BD73-F4783F55CC63}.ReleaseBackend|iPhone.Build.0 = Release|Any CPU
		{66B6BD6D-39A5-4E5B-BD73-F4783F55CC63}.ReleaseBackend|iPhoneSimulator.ActiveCfg = Release|Any CPU
		{66B6BD6D-39A5-4E5B-BD73-F4783F55CC63}.ReleaseBackend|iPhoneSimulator.Build.0 = Release|Any CPU
		{66B6BD6D-39A5-4E5B-BD73-F4783F55CC63}.Test Cloud|Any CPU.ActiveCfg = Debug|Any CPU
		{66B6BD6D-39A5-4E5B-BD73-F4783F55CC63}.Test Cloud|Any CPU.Build.0 = Debug|Any CPU
		{66B6BD6D-39A5-4E5B-BD73-F4783F55CC63}.Test Cloud|iPhone.ActiveCfg = Debug|Any CPU
		{66B6BD6D-39A5-4E5B-BD73-F4783F55CC63}.Test Cloud|iPhone.Build.0 = Debug|Any CPU
		{66B6BD6D-39A5-4E5B-BD73-F4783F55CC63}.Test Cloud|iPhoneSimulator.ActiveCfg = Debug|Any CPU
		{66B6BD6D-39A5-4E5B-BD73-F4783F55CC63}.Test Cloud|iPhoneSimulator.Build.0 = Debug|Any CPU
	EndGlobalSection
	GlobalSection(SolutionProperties) = preSolution
		HideSolutionNode = FALSE
	EndGlobalSection
	GlobalSection(NestedProjects) = preSolution
		{9F0FD859-1134-4C77-99E5-83703A2DE5A2} = {8B8DB082-89C7-4554-AA41-18F3ACA8F3AD}
		{F9802EBB-7857-4380-B1AD-F4CDE60F43F2} = {A652EB72-D4A3-41DF-80F8-D3DD0DDE5665}
		{ED42B7AC-B4AD-4784-8FEF-2953A8A7CEDC} = {A652EB72-D4A3-41DF-80F8-D3DD0DDE5665}
		{8D50D622-6D39-4894-B679-BB60C5D60648} = {A652EB72-D4A3-41DF-80F8-D3DD0DDE5665}
		{A5E6EEE2-C985-4C48-A6FD-BD95BFAA25EA} = {8B8DB082-89C7-4554-AA41-18F3ACA8F3AD}
		{7ABD1905-E31B-4857-B4EA-B47ED1C55D0C} = {ED42B7AC-B4AD-4784-8FEF-2953A8A7CEDC}
		{E2745280-BDD1-4F5D-B976-199B9AA7602C} = {ED42B7AC-B4AD-4784-8FEF-2953A8A7CEDC}
		{4D37B422-71A1-41EC-A389-7FC1D3D76F40} = {9F0FD859-1134-4C77-99E5-83703A2DE5A2}
		{D6D37A12-8F14-4A5E-8C63-35F2B0AC57B3} = {A5E6EEE2-C985-4C48-A6FD-BD95BFAA25EA}
		{5790C1F9-2943-448E-82CC-3D4DB963F189} = {8B8DB082-89C7-4554-AA41-18F3ACA8F3AD}
		{A1C7E4EF-BB7C-4DB5-9E2B-5FFC2C3E0884} = {5790C1F9-2943-448E-82CC-3D4DB963F189}
		{B6E498F2-60A4-44BE-B4D9-D8D2F953066D} = {F9802EBB-7857-4380-B1AD-F4CDE60F43F2}
		{66B6BD6D-39A5-4E5B-BD73-F4783F55CC63} = {DA84A427-71AD-4B53-B4C4-E8A1E4051DF0}
	EndGlobalSection
	GlobalSection(ExtensibilityGlobals) = postSolution
		SolutionGuid = {60FF5FF1-44FA-4082-8169-95F16F23BE13}
	EndGlobalSection
	GlobalSection(MonoDevelopProperties) = preSolution
		Policies = $0
		$0.DotNetNamingPolicy = $1
		$1.DirectoryNamespaceAssociation = PrefixedHierarchical
		$0.TextStylePolicy = $20
	EndGlobalSection
EndGlobal
