
Microsoft Visual Studio Solution File, Format Version 12.00
# Visual Studio 2012
Project("{2150E333-8FDC-42A3-9474-1A3956D46DE8}") = "WebAPI", "WebAPI", "{9F0FD859-1134-4C77-99E5-83703A2DE5A2}"
EndProject
Project("{2150E333-8FDC-42A3-9474-1A3956D46DE8}") = "Mobile", "Mobile", "{A652EB72-D4A3-41DF-80F8-D3DD0DDE5665}"
EndProject
Project("{FAE04EC0-301F-11D3-BF4B-00C04F79EFBC}") = "ContosoMaintenance.WebAPI", "Backend\Monolithic\ContosoMaintenance.WebAPI.csproj", "{72257FB8-887E-4FAB-9914-65635908C289}"
EndProject
Global
	GlobalSection(SolutionConfigurationPlatforms) = preSolution
		Debug|Any CPU = Debug|Any CPU
		Release|Any CPU = Release|Any CPU
	EndGlobalSection
	GlobalSection(ProjectConfigurationPlatforms) = postSolution
		{72257FB8-887E-4FAB-9914-65635908C289}.Debug|Any CPU.ActiveCfg = Debug|Any CPU
		{72257FB8-887E-4FAB-9914-65635908C289}.Debug|Any CPU.Build.0 = Debug|Any CPU
		{72257FB8-887E-4FAB-9914-65635908C289}.Release|Any CPU.ActiveCfg = Release|Any CPU
		{72257FB8-887E-4FAB-9914-65635908C289}.Release|Any CPU.Build.0 = Release|Any CPU
	EndGlobalSection
	GlobalSection(NestedProjects) = preSolution
		{72257FB8-887E-4FAB-9914-65635908C289} = {9F0FD859-1134-4C77-99E5-83703A2DE5A2}
	EndGlobalSection
EndGlobal
